
Microsoft Visual Studio Solution File, Format Version 12.00
# Visual Studio Version 16
VisualStudioVersion = 16.0.32228.343
MinimumVisualStudioVersion = 10.0.40219.1
Project("{FAE04EC0-301F-11D3-BF4B-00C04F79EFBC}") = "eApartments", "eApartments\eApartments.csproj", "{84F4D012-4B10-4A1C-AEE7-E9D4BEBE7DEC}"
EndProject
Global
	GlobalSection(SolutionConfigurationPlatforms) = preSolution
		Debug|Any CPU = Debug|Any CPU
		Release|Any CPU = Release|Any CPU
	EndGlobalSection
	GlobalSection(ProjectConfigurationPlatforms) = postSolution
		{84F4D012-4B10-4A1C-AEE7-E9D4BEBE7DEC}.Debug|Any CPU.ActiveCfg = Debug|Any CPU
		{84F4D012-4B10-4A1C-AEE7-E9D4BEBE7DEC}.Debug|Any CPU.Build.0 = Debug|Any CPU
		{84F4D012-4B10-4A1C-AEE7-E9D4BEBE7DEC}.Release|Any CPU.ActiveCfg = Release|Any CPU
		{84F4D012-4B10-4A1C-AEE7-E9D4BEBE7DEC}.Release|Any CPU.Build.0 = Release|Any CPU
	EndGlobalSection
	GlobalSection(SolutionProperties) = preSolution
		HideSolutionNode = FALSE
	EndGlobalSection
	GlobalSection(ExtensibilityGlobals) = postSolution
		SolutionGuid = {628E3457-DA9B-4A28-BB6B-C228AFF5D02E}
	EndGlobalSection
EndGlobal
